PODS:
  - Flutter (1.0.0)
  - permission_handler_apple (9.1.1):
    - Flutter
  - Protobuf (3.25.0)
  - reactive_ble_mobile (0.0.1):
    - Flutter
    - Protobuf (~> 3.5)
    - SwiftProtobuf (~> 1.0)
  - SwiftProtobuf (1.25.1)

DEPENDENCIES:
  - Flutter (from `Flutter`)
  - permission_handler_apple (from `.symlinks/plugins/permission_handler_apple/ios`)
  - reactive_ble_mobile (from `.symlinks/plugins/reactive_ble_mobile/ios`)

SPEC REPOS:
  trunk:
    - Protobuf
    - SwiftProtobuf

EXTERNAL SOURCES:
  Flutter:
    :path: Flutter
  permission_handler_apple:
    :path: ".symlinks/plugins/permission_handler_apple/ios"
  reactive_ble_mobile:
    :path: ".symlinks/plugins/reactive_ble_mobile/ios"

SPEC CHECKSUMS:
  Flutter: f04841e97a9d0b0a8025694d0796dd46242b2854
  permission_handler_apple: e76247795d700c14ea09e3a2d8855d41ee80a2e6
  Protobuf: 6a4183ec1d51649eb2be7b86ccc286e5c539219c
  reactive_ble_mobile: 9ce6723d37ccf701dbffd202d487f23f5de03b4c
  SwiftProtobuf: 69f02cd54fb03201c5e6bf8b76f687c5ef7541a3

PODFILE CHECKSUM: d4b1e61d92195dbae4de5691d6fcd85ff6450632

COCOAPODS: 1.14.2
